{
  "pins" : [
    {
      "identity" : "aqui",
      "kind" : "remoteSourceControl",
      "location" : "https://github.com/AlanQuatermain/AQUI.git",
      "state" : {
        "branch" : "master",
        "revision" : "e1ced4a69915556a9af4c15791bb83eccc33e5b8"
      }
    },
    {
      "identity" : "swiftuikit",
      "kind" : "remoteSourceControl",
      "location" : "https://github.com/youjinp/SwiftUIKit",
      "state" : {
        "branch" : "master",
        "revision" : "a83aedd996bcb59ca846346bb507f090a7350e34"
      }
    }
  ],
  "version" : 2
}
